// !$*UTF8*$!
{
	archiveVersion = 1;
	classes = {
	};
	objectVersion = 77;
	objects = {

/* Begin PBXBuildFile section */
		0A3D08502EBF915100863E17 /* ESPRITApp.swift in Sources */ = {isa = PBXBuildFile; fileRef = 0A3D084F2EBF915100863E17 /* ESPRITApp.swift */; };
		0A3D08522EBF917500863E17 /* AppState.swift in Sources */ = {isa = PBXBuildFile; fileRef = 0A3D08512EBF917500863E17 /* AppState.swift */; };
		0A3D08542EBF91A500863E17 /* RootView.swift in Sources */ = {isa = PBXBuildFile; fileRef = 0A3D08532EBF91A500863E17 /* RootView.swift */; };
		0A3D08A82EBFA0B100863E17 /* RoleRouterView.swift in Sources */ = {isa = PBXBuildFile; fileRef = 0A3D08A02EBF981700863E17 /* RoleRouterView.swift */; };
/* End PBXBuildFile section */

/* Begin PBXFileReference section */
		0A3D083B2EBF902800863E17 /* Esprit Ios.app */ = {isa = PBXFileReference; explicitFileType = wrapper.application; includeInIndex = 0; path = "Esprit Ios.app"; sourceTree = BUILT_PRODUCTS_DIR; };
		0A3D084F2EBF915100863E17 /* ESPRITApp.swift */ = {isa = PBXFileReference; lastKnownFileType = sourcecode.swift; path = ESPRITApp.swift; sourceTree = "<group>"; };
		0A3D08512EBF917500863E17 /* AppState.swift */ = {isa = PBXFileReference; lastKnownFileType = sourcecode.swift; path = AppState.swift; sourceTree = "<group>"; };
		0A3D08532EBF91A500863E17 /* RootView.swift */ = {isa = PBXFileReference; lastKnownFileType = sourcecode.swift; path = RootView.swift; sourceTree = "<group>"; };
		0A3D08A02EBF981700863E17 /* RoleRouterView.swift */ = {isa = PBXFileReference; lastKnownFileType = sourcecode.swift; path = RoleRouterView.swift; sourceTree = "<group>"; };
/* End PBXFileReference section */

/* Begin PBXFileSystemSynchronizedBuildFileExceptionSet section */
		0A3D08A52EBFA09600863E17 /* Exceptions for "Splash" folder in "Esprit Ios" target */ = {
			isa = PBXFileSystemSynchronizedBuildFileExceptionSet;
			membershipExceptions = (
				SplachView.swift,
			);
			target = 0A3D083A2EBF902800863E17 /* Esprit Ios */;
		};
		0A3D08A72EBFA0A800863E17 /* Exceptions for "Auth" folder in "Esprit Ios" target */ = {
			isa = PBXFileSystemSynchronizedBuildFileExceptionSet;
			membershipExceptions = (
				LoginView.swift,
				LoginViewModel.swift,
			);
			target = 0A3D083A2EBF902800863E17 /* Esprit Ios */;
		};
		0A3D08AA2EBFA0BF00863E17 /* Exceptions for "Student" folder in "Esprit Ios" target */ = {
			isa = PBXFileSystemSynchronizedBuildFileExceptionSet;
			membershipExceptions = (
				Application/ApplyForInternshipView.swift,
				Application/EditApplicationView.swift,
				Application/StudentApplicationDetailView.swift,
				Application/StudentApplicationsViewModel.swift,
				Clubs/StudentClubDetailView.swift,
				Clubs/StudentClubsView.swift,
				Event/StudentEventDetailView.swift,
				Event/StudentEventsListView.swift,
				Stages/StudentMyApplicationsForStageView.swift,
				Stages/StudentStageDetailView.swift,
				Stages/StudentstagesView.swift,
				StudentHomeView.swift,
			);
			target = 0A3D083A2EBF902800863E17 /* Esprit Ios */;
		};
		0A3D08D12EBFA73F00863E17 /* Exceptions for "Admin" folder in "Esprit Ios" target */ = {
			isa = PBXFileSystemSynchronizedBuildFileExceptionSet;
			membershipExceptions = (
				AdminHomeView.swift,
				Application/AdminApplicationDetailView.swift,
				Application/AdminApplicationsListView.swift,
				Club/AdminAddClubView.swift,
				Club/AdminClubDetailView.swift,
				Club/AdminClubsListView.swift,
				Club/AdminEditClubView.swift,
				Event/AdminAddEventView.swift,
				Event/AdminEditEventView.swift,
				Event/AdminEventsListView.swift,
				Event/EventCard.swift,
				Event/EventDetailView.swift,
				Stages/AdminAddInternshipView.swift,
				Stages/AdminEditInternshipView.swift,
				Stages/AdminStageDetailView.swift,
				Stages/AdminStagesView.swift,
				Stages/InternshipCard.swift,
				Stages/PhotosPickerButton.swift,
			);
			target = 0A3D083A2EBF902800863E17 /* Esprit Ios */;
		};
		0A3D08D32EBFA74300863E17 /* Exceptions for "Parent" folder in "Esprit Ios" target */ = {
			isa = PBXFileSystemSynchronizedBuildFileExceptionSet;
			membershipExceptions = (
				ParentHomeView.swift,
			);
			target = 0A3D083A2EBF902800863E17 /* Esprit Ios */;
		};
		0A3D08D52EBFA74700863E17 /* Exceptions for "Teacher" folder in "Esprit Ios" target */ = {
			isa = PBXFileSystemSynchronizedBuildFileExceptionSet;
			membershipExceptions = (
				TeacherHomeView.swift,
			);
			target = 0A3D083A2EBF902800863E17 /* Esprit Ios */;
		};
		0A4195D02EC11DAC00316582 /* Exceptions for "Shared" folder in "Esprit Ios" target */ = {
			isa = PBXFileSystemSynchronizedBuildFileExceptionSet;
			membershipExceptions = (
				Internships/InternshipListViewModel.swift,
			);
			target = 0A3D083A2EBF902800863E17 /* Esprit Ios */;
		};
/* End PBXFileSystemSynchronizedBuildFileExceptionSet section */

/* Begin PBXFileSystemSynchronizedRootGroup section */
		0A1479BB2EC7754D0015D531 /* UI */ = {
			isa = PBXFileSystemSynchronizedRootGroup;
			path = UI;
			sourceTree = "<group>";
		};
		0A3D086D2EBF930A00863E17 /* Models */ = {
			isa = PBXFileSystemSynchronizedRootGroup;
			path = Models;
			sourceTree = "<group>";
		};
		0A3D086E2EBF932A00863E17 /* Networking */ = {
			isa = PBXFileSystemSynchronizedRootGroup;
			path = Networking;
			sourceTree = "<group>";
		};
		0A3D08702EBF936C00863E17 /* Storage */ = {
			isa = PBXFileSystemSynchronizedRootGroup;
			path = Storage;
			sourceTree = "<group>";
		};
		0A3D08712EBF93CE00863E17 /* Componments */ = {
			isa = PBXFileSystemSynchronizedRootGroup;
			path = Componments;
			sourceTree = "<group>";
		};
		0A3D08722EBF93F100863E17 /* Theme */ = {
			isa = PBXFileSystemSynchronizedRootGroup;
			path = Theme;
			sourceTree = "<group>";
		};
		0A3D08732EBF944000863E17 /* Assets */ = {
			isa = PBXFileSystemSynchronizedRootGroup;
			path = Assets;
			sourceTree = "<group>";
		};
		0A3D08892EBF950F00863E17 /* Auth */ = {
			isa = PBXFileSystemSynchronizedRootGroup;
			exceptions = (
				0A3D08A72EBFA0A800863E17 /* Exceptions for "Auth" folder in "Esprit Ios" target */,
			);
			path = Auth;
			sourceTree = "<group>";
		};
		0A3D088A2EBF951F00863E17 /* Splash */ = {
			isa = PBXFileSystemSynchronizedRootGroup;
			exceptions = (
				0A3D08A52EBFA09600863E17 /* Exceptions for "Splash" folder in "Esprit Ios" target */,
			);
			path = Splash;
			sourceTree = "<group>";
		};
		0A3D088B2EBF952A00863E17 /* Student */ = {
			isa = PBXFileSystemSynchronizedRootGroup;
			exceptions = (
				0A3D08AA2EBFA0BF00863E17 /* Exceptions for "Student" folder in "Esprit Ios" target */,
			);
			path = Student;
			sourceTree = "<group>";
		};
		0A3D088C2EBF953900863E17 /* Teacher */ = {
			isa = PBXFileSystemSynchronizedRootGroup;
			exceptions = (
				0A3D08D52EBFA74700863E17 /* Exceptions for "Teacher" folder in "Esprit Ios" target */,
			);
			path = Teacher;
			sourceTree = "<group>";
		};
		0A3D088D2EBF954400863E17 /* Parent */ = {
			isa = PBXFileSystemSynchronizedRootGroup;
			exceptions = (
				0A3D08D32EBFA74300863E17 /* Exceptions for "Parent" folder in "Esprit Ios" target */,
			);
			path = Parent;
			sourceTree = "<group>";
		};
		0A3D088E2EBF955000863E17 /* Admin */ = {
			isa = PBXFileSystemSynchronizedRootGroup;
			exceptions = (
				0A3D08D12EBFA73F00863E17 /* Exceptions for "Admin" folder in "Esprit Ios" target */,
			);
			path = Admin;
			sourceTree = "<group>";
		};
		0A3D088F2EBF955C00863E17 /* Shared */ = {
			isa = PBXFileSystemSynchronizedRootGroup;
			exceptions = (
				0A4195D02EC11DAC00316582 /* Exceptions for "Shared" folder in "Esprit Ios" target */,
			);
			path = Shared;
			sourceTree = "<group>";
		};
/* End PBXFileSystemSynchronizedRootGroup section */

/* Begin PBXFrameworksBuildPhase section */
		0A3D08382EBF902800863E17 /* Frameworks */ = {
			isa = PBXFrameworksBuildPhase;
			buildActionMask = 2147483647;
			files = (
			);
			runOnlyForDeploymentPostprocessing = 0;
		};
/* End PBXFrameworksBuildPhase section */

/* Begin PBXGroup section */
		0A3D08322EBF902800863E17 = {
			isa = PBXGroup;
			children = (
				0A3D08732EBF944000863E17 /* Assets */,
				0A3D084D2EBF90C500863E17 /* UI */,
				0A3D084C2EBF90BA00863E17 /* Features */,
				0A3D084B2EBF905F00863E17 /* Core */,
				0A3D08492EBF903200863E17 /* App */,
				0A3D083C2EBF902800863E17 /* Products */,
			);
			sourceTree = "<group>";
		};
		0A3D083C2EBF902800863E17 /* Products */ = {
			isa = PBXGroup;
			children = (
				0A3D083B2EBF902800863E17 /* Esprit Ios.app */,
			);
			name = Products;
			sourceTree = "<group>";
		};
		0A3D08492EBF903200863E17 /* App */ = {
			isa = PBXGroup;
			children = (
				0A3D084F2EBF915100863E17 /* ESPRITApp.swift */,
				0A3D08512EBF917500863E17 /* AppState.swift */,
				0A3D08532EBF91A500863E17 /* RootView.swift */,
			);
			path = App;
			sourceTree = "<group>";
		};
		0A3D084B2EBF905F00863E17 /* Core */ = {
			isa = PBXGroup;
			children = (
				0A1479BB2EC7754D0015D531 /* UI */,
				0A3D08702EBF936C00863E17 /* Storage */,
				0A3D086D2EBF930A00863E17 /* Models */,
				0A3D086E2EBF932A00863E17 /* Networking */,
			);
			path = Core;
			sourceTree = "<group>";
		};
		0A3D084C2EBF90BA00863E17 /* Features */ = {
			isa = PBXGroup;
			children = (
				0A3D08A02EBF981700863E17 /* RoleRouterView.swift */,
				0A3D088F2EBF955C00863E17 /* Shared */,
				0A3D088E2EBF955000863E17 /* Admin */,
				0A3D088D2EBF954400863E17 /* Parent */,
				0A3D088C2EBF953900863E17 /* Teacher */,
				0A3D088B2EBF952A00863E17 /* Student */,
				0A3D088A2EBF951F00863E17 /* Splash */,
				0A3D08892EBF950F00863E17 /* Auth */,
			);
			path = Features;
			sourceTree = "<group>";
		};
		0A3D084D2EBF90C500863E17 /* UI */ = {
			isa = PBXGroup;
			children = (
				0A3D08722EBF93F100863E17 /* Theme */,
				0A3D08712EBF93CE00863E17 /* Componments */,
			);
			path = UI;
			sourceTree = "<group>";
		};
/* End PBXGroup section */

/* Begin PBXNativeTarget section */
		0A3D083A2EBF902800863E17 /* Esprit Ios */ = {
			isa = PBXNativeTarget;
			buildConfigurationList = 0A3D08462EBF902900863E17 /* Build configuration list for PBXNativeTarget "Esprit Ios" */;
			buildPhases = (
				0A3D08372EBF902800863E17 /* Sources */,
				0A3D08382EBF902800863E17 /* Frameworks */,
				0A3D08392EBF902800863E17 /* Resources */,
			);
			buildRules = (
			);
			dependencies = (
			);
			fileSystemSynchronizedGroups = (
				0A1479BB2EC7754D0015D531 /* UI */,
				0A3D086D2EBF930A00863E17 /* Models */,
				0A3D086E2EBF932A00863E17 /* Networking */,
				0A3D08702EBF936C00863E17 /* Storage */,
				0A3D08712EBF93CE00863E17 /* Componments */,
				0A3D08722EBF93F100863E17 /* Theme */,
				0A3D08732EBF944000863E17 /* Assets */,
			);
			name = "Esprit Ios";
			packageProductDependencies = (
			);
			productName = "Esprit Ios";
			productReference = 0A3D083B2EBF902800863E17 /* Esprit Ios.app */;
			productType = "com.apple.product-type.application";
		};
/* End PBXNativeTarget section */

/* Begin PBXProject section */
		0A3D08332EBF902800863E17 /* Project object */ = {
			isa = PBXProject;
			attributes = {
				BuildIndependentTargetsInParallel = 1;
				LastSwiftUpdateCheck = 2600;
				LastUpgradeCheck = 2600;
				TargetAttributes = {
					0A3D083A2EBF902800863E17 = {
						CreatedOnToolsVersion = 26.0.1;
					};
				};
			};
			buildConfigurationList = 0A3D08362EBF902800863E17 /* Build configuration list for PBXProject "Esprit Ios" */;
			developmentRegion = en;
			hasScannedForEncodings = 0;
			knownRegions = (
				en,
				Base,
			);
			mainGroup = 0A3D08322EBF902800863E17;
			minimizedProjectReferenceProxies = 1;
			preferredProjectObjectVersion = 77;
			productRefGroup = 0A3D083C2EBF902800863E17 /* Products */;
			projectDirPath = "";
			projectRoot = "";
			targets = (
				0A3D083A2EBF902800863E17 /* Esprit Ios */,
			);
		};
/* End PBXProject section */

/* Begin PBXResourcesBuildPhase section */
		0A3D08392EBF902800863E17 /* Resources */ = {
			isa = PBXResourcesBuildPhase;
			buildActionMask = 2147483647;
			files = (
			);
			runOnlyForDeploymentPostprocessing = 0;
		};
/* End PBXResourcesBuildPhase section */

/* Begin PBXSourcesBuildPhase section */
		0A3D08372EBF902800863E17 /* Sources */ = {
			isa = PBXSourcesBuildPhase;
			buildActionMask = 2147483647;
			files = (
				0A3D08502EBF915100863E17 /* ESPRITApp.swift in Sources */,
				0A3D08522EBF917500863E17 /* AppState.swift in Sources */,
				0A3D08A82EBFA0B100863E17 /* RoleRouterView.swift in Sources */,
				0A3D08542EBF91A500863E17 /* RootView.swift in Sources */,
			);
			runOnlyForDeploymentPostprocessing = 0;
		};
/* End PBXSourcesBuildPhase section */

/* Begin XCBuildConfiguration section */
		0A3D08442EBF902900863E17 /* Debug */ = {
			isa = XCBuildConfiguration;
			buildSettings = {
				ALWAYS_SEARCH_USER_PATHS = NO;
				ASSETCATALOG_COMPILER_GENERATE_SWIFT_ASSET_SYMBOL_EXTENSIONS = YES;
				CLANG_ANALYZER_NONNULL = YES;
				CLANG_ANALYZER_NUMBER_OBJECT_CONVERSION = YES_AGGRESSIVE;
				CLANG_CXX_LANGUAGE_STANDARD = "gnu++20";
				CLANG_ENABLE_MODULES = YES;
				CLANG_ENABLE_OBJC_ARC = YES;
				CLANG_ENABLE_OBJC_WEAK = YES;
				CLANG_WARN_BLOCK_CAPTURE_AUTORELEASING = YES;
				CLANG_WARN_BOOL_CONVERSION = YES;
				CLANG_WARN_COMMA = YES;
				CLANG_WARN_CONSTANT_CONVERSION = YES;
				CLANG_WARN_DEPRECATED_OBJC_IMPLEMENTATIONS = YES;
				CLANG_WARN_DIRECT_OBJC_ISA_USAGE = YES_ERROR;
				CLANG_WARN_DOCUMENTATION_COMMENTS = YES;
				CLANG_WARN_EMPTY_BODY = YES;
				CLANG_WARN_ENUM_CONVERSION = YES;
				CLANG_WARN_INFINITE_RECURSION = YES;
				CLANG_WARN_INT_CONVERSION = YES;
				CLANG_WARN_NON_LITERAL_NULL_CONVERSION = YES;
				CLANG_WARN_OBJC_IMPLICIT_RETAIN_SELF = YES;
				CLANG_WARN_OBJC_LITERAL_CONVERSION = YES;
				CLANG_WARN_OBJC_ROOT_CLASS = YES_ERROR;
				CLANG_WARN_QUOTED_INCLUDE_IN_FRAMEWORK_HEADER = YES;
				CLANG_WARN_RANGE_LOOP_ANALYSIS = YES;
				CLANG_WARN_STRICT_PROTOTYPES = YES;
				CLANG_WARN_SUSPICIOUS_MOVE = YES;
				CLANG_WARN_UNGUARDED_AVAILABILITY = YES_AGGRESSIVE;
				CLANG_WARN_UNREACHABLE_CODE = YES;
				CLANG_WARN__DUPLICATE_METHOD_MATCH = YES;
				COPY_PHASE_STRIP = NO;
				DEBUG_INFORMATION_FORMAT = dwarf;
				ENABLE_STRICT_OBJC_MSGSEND = YES;
				ENABLE_TESTABILITY = YES;
				ENABLE_USER_SCRIPT_SANDBOXING = YES;
				GCC_C_LANGUAGE_STANDARD = gnu17;
				GCC_DYNAMIC_NO_PIC = NO;
				GCC_NO_COMMON_BLOCKS = YES;
				GCC_OPTIMIZATION_LEVEL = 0;
				GCC_PREPROCESSOR_DEFINITIONS = (
					"DEBUG=1",
					"$(inherited)",
				);
				GCC_WARN_64_TO_32_BIT_CONVERSION = YES;
				GCC_WARN_ABOUT_RETURN_TYPE = YES_ERROR;
				GCC_WARN_UNDECLARED_SELECTOR = YES;
				GCC_WARN_UNINITIALIZED_AUTOS = YES_AGGRESSIVE;
				GCC_WARN_UNUSED_FUNCTION = YES;
				GCC_WARN_UNUSED_VARIABLE = YES;
				IPHONEOS_DEPLOYMENT_TARGET = 26.0;
				LOCALIZATION_PREFERS_STRING_CATALOGS = YES;
				MTL_ENABLE_DEBUG_INFO = INCLUDE_SOURCE;
				MTL_FAST_MATH = YES;
				ONLY_ACTIVE_ARCH = YES;
				SDKROOT = iphoneos;
				SWIFT_ACTIVE_COMPILATION_CONDITIONS = "DEBUG $(inherited)";
				SWIFT_OPTIMIZATION_LEVEL = "-Onone";
			};
			name = Debug;
		};
		0A3D08452EBF902900863E17 /* Release */ = {
			isa = XCBuildConfiguration;
			buildSettings = {
				ALWAYS_SEARCH_USER_PATHS = NO;
				ASSETCATALOG_COMPILER_GENERATE_SWIFT_ASSET_SYMBOL_EXTENSIONS = YES;
				CLANG_ANALYZER_NONNULL = YES;
				CLANG_ANALYZER_NUMBER_OBJECT_CONVERSION = YES_AGGRESSIVE;
				CLANG_CXX_LANGUAGE_STANDARD = "gnu++20";
				CLANG_ENABLE_MODULES = YES;
				CLANG_ENABLE_OBJC_ARC = YES;
				CLANG_ENABLE_OBJC_WEAK = YES;
				CLANG_WARN_BLOCK_CAPTURE_AUTORELEASING = YES;
				CLANG_WARN_BOOL_CONVERSION = YES;
				CLANG_WARN_COMMA = YES;
				CLANG_WARN_CONSTANT_CONVERSION = YES;
				CLANG_WARN_DEPRECATED_OBJC_IMPLEMENTATIONS = YES;
				CLANG_WARN_DIRECT_OBJC_ISA_USAGE = YES_ERROR;
				CLANG_WARN_DOCUMENTATION_COMMENTS = YES;
				CLANG_WARN_EMPTY_BODY = YES;
				CLANG_WARN_ENUM_CONVERSION = YES;
				CLANG_WARN_INFINITE_RECURSION = YES;
				CLANG_WARN_INT_CONVERSION = YES;
				CLANG_WARN_NON_LITERAL_NULL_CONVERSION = YES;
				CLANG_WARN_OBJC_IMPLICIT_RETAIN_SELF = YES;
				CLANG_WARN_OBJC_LITERAL_CONVERSION = YES;
				CLANG_WARN_OBJC_ROOT_CLASS = YES_ERROR;
				CLANG_WARN_QUOTED_INCLUDE_IN_FRAMEWORK_HEADER = YES;
				CLANG_WARN_RANGE_LOOP_ANALYSIS = YES;
				CLANG_WARN_STRICT_PROTOTYPES = YES;
				CLANG_WARN_SUSPICIOUS_MOVE = YES;
				CLANG_WARN_UNGUARDED_AVAILABILITY = YES_AGGRESSIVE;
				CLANG_WARN_UNREACHABLE_CODE = YES;
				CLANG_WARN__DUPLICATE_METHOD_MATCH = YES;
				COPY_PHASE_STRIP = NO;
				DEBUG_INFORMATION_FORMAT = "dwarf-with-dsym";
				ENABLE_NS_ASSERTIONS = NO;
				ENABLE_STRICT_OBJC_MSGSEND = YES;
				ENABLE_USER_SCRIPT_SANDBOXING = YES;
				GCC_C_LANGUAGE_STANDARD = gnu17;
				GCC_NO_COMMON_BLOCKS = YES;
				GCC_WARN_64_TO_32_BIT_CONVERSION = YES;
				GCC_WARN_ABOUT_RETURN_TYPE = YES_ERROR;
				GCC_WARN_UNDECLARED_SELECTOR = YES;
				GCC_WARN_UNINITIALIZED_AUTOS = YES_AGGRESSIVE;
				GCC_WARN_UNUSED_FUNCTION = YES;
				GCC_WARN_UNUSED_VARIABLE = YES;
				IPHONEOS_DEPLOYMENT_TARGET = 26.0;
				LOCALIZATION_PREFERS_STRING_CATALOGS = YES;
				MTL_ENABLE_DEBUG_INFO = NO;
				MTL_FAST_MATH = YES;
				SDKROOT = iphoneos;
				SWIFT_COMPILATION_MODE = wholemodule;
				VALIDATE_PRODUCT = YES;
			};
			name = Release;
		};
		0A3D08472EBF902900863E17 /* Debug */ = {
			isa = XCBuildConfiguration;
			buildSettings = {
				ASSETCATALOG_COMPILER_APPICON_NAME = AppIcon;
				ASSETCATALOG_COMPILER_GLOBAL_ACCENT_COLOR_NAME = AccentColor;
				CODE_SIGN_STYLE = Automatic;
				CURRENT_PROJECT_VERSION = 1;
				ENABLE_PREVIEWS = YES;
				GENERATE_INFOPLIST_FILE = YES;
				INFOPLIST_KEY_UIApplicationSceneManifest_Generation = YES;
				INFOPLIST_KEY_UIApplicationSupportsIndirectInputEvents = YES;
				INFOPLIST_KEY_UILaunchScreen_Generation = YES;
				INFOPLIST_KEY_UISupportedInterfaceOrientations_iPad = "UIInterfaceOrientationPortrait UIInterfaceOrientationPortraitUpsideDown UIInterfaceOrientationLandscapeLeft UIInterfaceOrientationLandscapeRight";
				INFOPLIST_KEY_UISupportedInterfaceOrientations_iPhone = "UIInterfaceOrientationPortrait UIInterfaceOrientationLandscapeLeft UIInterfaceOrientationLandscapeRight";
				LD_RUNPATH_SEARCH_PATHS = (
					"$(inherited)",
					"@executable_path/Frameworks",
				);
				MARKETING_VERSION = 1.0;
				PRODUCT_BUNDLE_IDENTIFIER = "projet.Esprit-Ios";
				PRODUCT_NAME = "$(TARGET_NAME)";
				STRING_CATALOG_GENERATE_SYMBOLS = YES;
				SWIFT_APPROACHABLE_CONCURRENCY = YES;
				SWIFT_DEFAULT_ACTOR_ISOLATION = MainActor;
				SWIFT_EMIT_LOC_STRINGS = YES;
				SWIFT_UPCOMING_FEATURE_MEMBER_IMPORT_VISIBILITY = YES;
				SWIFT_VERSION = 5.0;
				TARGETED_DEVICE_FAMILY = "1,2";
			};
			name = Debug;
		};
		0A3D08482EBF902900863E17 /* Release */ = {
			isa = XCBuildConfiguration;
			buildSettings = {
				ASSETCATALOG_COMPILER_APPICON_NAME = AppIcon;
				ASSETCATALOG_COMPILER_GLOBAL_ACCENT_COLOR_NAME = AccentColor;
				CODE_SIGN_STYLE = Automatic;
				CURRENT_PROJECT_VERSION = 1;
				ENABLE_PREVIEWS = YES;
				GENERATE_INFOPLIST_FILE = YES;
				INFOPLIST_KEY_UIApplicationSceneManifest_Generation = YES;
				INFOPLIST_KEY_UIApplicationSupportsIndirectInputEvents = YES;
				INFOPLIST_KEY_UILaunchScreen_Generation = YES;
				INFOPLIST_KEY_UISupportedInterfaceOrientations_iPad = "UIInterfaceOrientationPortrait UIInterfaceOrientationPortraitUpsideDown UIInterfaceOrientationLandscapeLeft UIInterfaceOrientationLandscapeRight";
				INFOPLIST_KEY_UISupportedInterfaceOrientations_iPhone = "UIInterfaceOrientationPortrait UIInterfaceOrientationLandscapeLeft UIInterfaceOrientationLandscapeRight";
				LD_RUNPATH_SEARCH_PATHS = (
					"$(inherited)",
					"@executable_path/Frameworks",
				);
				MARKETING_VERSION = 1.0;
				PRODUCT_BUNDLE_IDENTIFIER = "projet.Esprit-Ios";
				PRODUCT_NAME = "$(TARGET_NAME)";
				STRING_CATALOG_GENERATE_SYMBOLS = YES;
				SWIFT_APPROACHABLE_CONCURRENCY = YES;
				SWIFT_DEFAULT_ACTOR_ISOLATION = MainActor;
				SWIFT_EMIT_LOC_STRINGS = YES;
				SWIFT_UPCOMING_FEATURE_MEMBER_IMPORT_VISIBILITY = YES;
				SWIFT_VERSION = 5.0;
				TARGETED_DEVICE_FAMILY = "1,2";
			};
			name = Release;
		};
/* End XCBuildConfiguration section */

/* Begin XCConfigurationList section */
		0A3D08362EBF902800863E17 /* Build configuration list for PBXProject "Esprit Ios" */ = {
			isa = XCConfigurationList;
			buildConfigurations = (
				0A3D08442EBF902900863E17 /* Debug */,
				0A3D08452EBF902900863E17 /* Release */,
			);
			defaultConfigurationIsVisible = 0;
			defaultConfigurationName = Release;
		};
		0A3D08462EBF902900863E17 /* Build configuration list for PBXNativeTarget "Esprit Ios" */ = {
			isa = XCConfigurationList;
			buildConfigurations = (
				0A3D08472EBF902900863E17 /* Debug */,
				0A3D08482EBF902900863E17 /* Release */,
			);
			defaultConfigurationIsVisible = 0;
			defaultConfigurationName = Release;
		};
/* End XCConfigurationList section */
	};
	rootObject = 0A3D08332EBF902800863E17 /* Project object */;
}
